
Microsoft Visual Studio Solution File, Format Version 12.00
# Visual Studio 15
VisualStudioVersion = 15.0.25827.1
MinimumVisualStudioVersion = 10.0.40219.1
Project("{2150E333-8FDC-42A3-9474-1A3956D46DE8}") = "src", "src", "{7F5566DB-BE45-40C2-AB3A-D436423AD961}"
EndProject
Project("{FAE04EC0-301F-11D3-BF4B-00C04F79EFBC}") = "AspNetCoreNewToolingRC", "src\AspNetCoreNewToolingRC\AspNetCoreNewToolingRC.csproj", "{0A61C8E4-73FE-416C-990D-F6EDEC0E4D0C}"
EndProject
Global
	GlobalSection(SolutionConfigurationPlatforms) = preSolution
		Debug|Any CPU = Debug|Any CPU
		Release|Any CPU = Release|Any CPU
	EndGlobalSection
	GlobalSection(ProjectConfigurationPlatforms) = postSolution
		{0A61C8E4-73FE-416C-990D-F6EDEC0E4D0C}.Debug|Any CPU.ActiveCfg = Debug|Any CPU
		{0A61C8E4-73FE-416C-990D-F6EDEC0E4D0C}.Debug|Any CPU.Build.0 = Debug|Any CPU
		{0A61C8E4-73FE-416C-990D-F6EDEC0E4D0C}.Release|Any CPU.ActiveCfg = Release|Any CPU
		{0A61C8E4-73FE-416C-990D-F6EDEC0E4D0C}.Release|Any CPU.Build.0 = Release|Any CPU
	EndGlobalSection
	GlobalSection(SolutionProperties) = preSolution
		HideSolutionNode = FALSE
	EndGlobalSection
	GlobalSection(NestedProjects) = preSolution
		{0A61C8E4-73FE-416C-990D-F6EDEC0E4D0C} = {7F5566DB-BE45-40C2-AB3A-D436423AD961}
	EndGlobalSection
EndGlobal
